{
  "name": "React-PhoneTopUp",
  "lockfileVersion": 2,
  "requires": true,
  "packages": {
    "": {
      "dependencies": {
        "antd-mobile": "^5.17.1"
      }
    },
    "node_modules/@babel/runtime": {
      "version": "7.18.6",
      "resolved": "https://registry.npmmirror.com/@babel/runtime/-/runtime-7.18.6.tgz",
      "integrity": "sha512-t9wi7/AW6XtKahAe20Yw0/mMljKq0B1r2fPdvaAdV/KPDZewFXdaaa6K7lxmZBZ8FBNpCiAT6iHPmd6QO9bKfQ==",
      "dependencies": {
        "regenerator-runtime": "^0.13.4"
      },
      "engines": {
        "node": ">=6.9.0"
      }
    },
    "node_modules/@floating-ui/core": {
      "version": "0.7.3",
      "resolved": "https://registry.npmmirror.com/@floating-ui/core/-/core-0.7.3.tgz",
      "integrity": "sha512-buc8BXHmG9l82+OQXOFU3Kr2XQx9ys01U/Q9HMIrZ300iLc8HLMgh7dcCqgYzAzf4BkoQvDcXf5Y+CuEZ5JBYg=="
    },
    "node_modules/@floating-ui/dom": {
      "version": "0.5.4",
      "resolved": "https://registry.npmmirror.com/@floating-ui/dom/-/dom-0.5.4.tgz",
      "integrity": "sha512-419BMceRLq0RrmTSDxn8hf9R3VCJv2K9PUfugh5JyEFmdjzDo+e8U5EdR8nzKq8Yj1htzLm3b6eQEEam3/rrtg==",
      "dependencies": {
        "@floating-ui/core": "^0.7.3"
      }
    },
    "node_modules/@react-spring/animated": {
      "version": "9.4.5",
      "resolved": "https://registry.npmmirror.com/@react-spring/animated/-/animated-9.4.5.tgz",
      "integrity": "sha512-KWqrtvJSMx6Fj9nMJkhTwM9r6LIriExDRV6YHZV9HKQsaolUFppgkOXpC+rsL1JEtEvKv6EkLLmSqHTnuYjiIA==",
      "dependencies": {
        "@react-spring/shared": "~9.4.5",
        "@react-spring/types": "~9.4.5"
      },
      "peerDependencies": {
        "react": "^16.8.0  || >=17.0.0 || >=18.0.0"
      }
    },
    "node_modules/@react-spring/core": {
      "version": "9.4.5",
      "resolved": "https://registry.npmmirror.com/@react-spring/core/-/core-9.4.5.tgz",
      "integrity": "sha512-83u3FzfQmGMJFwZLAJSwF24/ZJctwUkWtyPD7KYtNagrFeQKUH1I05ZuhmCmqW+2w1KDW1SFWQ43RawqfXKiiQ==",
      "dependencies": {
        "@react-spring/animated": "~9.4.5",
        "@react-spring/rafz": "~9.4.5",
        "@react-spring/shared": "~9.4.5",
        "@react-spring/types": "~9.4.5"
      },
      "peerDependencies": {
        "react": "^16.8.0  || >=17.0.0 || >=18.0.0"
      }
    },
    "node_modules/@react-spring/rafz": {
      "version": "9.4.5",
      "resolved": "https://registry.npmmirror.com/@react-spring/rafz/-/rafz-9.4.5.tgz",
      "integrity": "sha512-swGsutMwvnoyTRxvqhfJBtGM8Ipx6ks0RkIpNX9F/U7XmyPvBMGd3GgX/mqxZUpdlsuI1zr/jiYw+GXZxAlLcQ=="
    },
    "node_modules/@react-spring/shared": {
      "version": "9.4.5",
      "resolved": "https://registry.npmmirror.com/@react-spring/shared/-/shared-9.4.5.tgz",
      "integrity": "sha512-JhMh3nFKsqyag0KM5IIM8BQANGscTdd0mMv3BXsUiMZrcjQTskyfnv5qxEeGWbJGGar52qr5kHuBHtCjQOzniA==",
      "dependencies": {
        "@react-spring/rafz": "~9.4.5",
        "@react-spring/types": "~9.4.5"
      },
      "peerDependencies": {
        "react": "^16.8.0  || >=17.0.0 || >=18.0.0"
      }
    },
    "node_modules/@react-spring/types": {
      "version": "9.4.5",
      "resolved": "https://registry.npmmirror.com/@react-spring/types/-/types-9.4.5.tgz",
      "integrity": "sha512-mpRIamoHwql0ogxEUh9yr4TP0xU5CWyZxVQeccGkHHF8kPMErtDXJlxyo0lj+telRF35XNihtPTWoflqtyARmg=="
    },
    "node_modules/@react-spring/web": {
      "version": "9.4.5",
      "resolved": "https://registry.npmmirror.com/@react-spring/web/-/web-9.4.5.tgz",
      "integrity": "sha512-NGAkOtKmOzDEctL7MzRlQGv24sRce++0xAY7KlcxmeVkR7LRSGkoXHaIfm9ObzxPMcPHQYQhf3+X9jepIFNHQA==",
      "dependencies": {
        "@react-spring/animated": "~9.4.5",
        "@react-spring/core": "~9.4.5",
        "@react-spring/shared": "~9.4.5",
        "@react-spring/types": "~9.4.5"
      },
      "peerDependencies": {
        "react": "^16.8.0  || >=17.0.0 || >=18.0.0",
        "react-dom": "^16.8.0  || >=17.0.0 || >=18.0.0"
      }
    },
    "node_modules/@types/js-cookie": {
      "version": "2.2.7",
      "resolved": "https://registry.npmmirror.com/@types/js-cookie/-/js-cookie-2.2.7.tgz",
      "integrity": "sha512-aLkWa0C0vO5b4Sr798E26QgOkss68Un0bLjs7u9qxzPT5CG+8DuNTffWES58YzJs3hrVAOs1wonycqEBqNJubA=="
    },
    "node_modules/@use-gesture/core": {
      "version": "10.2.15",
      "resolved": "https://registry.npmmirror.com/@use-gesture/core/-/core-10.2.15.tgz",
      "integrity": "sha512-R8k5GHKR6J3n48K1xiWCBSnTsxmfiVCp+MYPMhFaoHT1/oIjrFA6SeMmWDl0REwP/CpBfNdQ0FwOo/0dGjPhwA=="
    },
    "node_modules/@use-gesture/react": {
      "version": "10.2.15",
      "resolved": "https://registry.npmmirror.com/@use-gesture/react/-/react-10.2.15.tgz",
      "integrity": "sha512-Hdfp17a3iHDo33jasd8GIPlIjM4wxNzn1O9apNX2VrF7X2ewzXp4wCCQ4aPqsnyvBA1WhR8KHMrBS/XWQZxTHQ==",
      "dependencies": {
        "@use-gesture/core": "10.2.15"
      },
      "peerDependencies": {
        "react": ">= 16.8.0"
      }
    },
    "node_modules/ahooks": {
      "version": "3.5.1",
      "resolved": "https://registry.npmmirror.com/ahooks/-/ahooks-3.5.1.tgz",
      "integrity": "sha512-ZNE5DA+7UkinR4GATA6MceArSdOGmc1oNZDJLDbj5gTXcpbnYLW0NiFb1DBDR6a8AukMzhcYVLxXKB/Ze7gHKw==",
      "dependencies": {
        "@types/js-cookie": "^2.x.x",
        "ahooks-v3-count": "^1.0.0",
        "dayjs": "^1.9.1",
        "intersection-observer": "^0.12.0",
        "js-cookie": "^2.x.x",
        "lodash": "^4.17.21",
        "resize-observer-polyfill": "^1.5.1",
        "screenfull": "^5.0.0"
      },
      "engines": {
        "node": ">=8.0.0"
      },
      "peerDependencies": {
        "react": "^16.8.0 || ^17.0.0 || ^18.0.0"
      }
    },
    "node_modules/ahooks-v3-count": {
      "version": "1.0.0",
      "resolved": "https://registry.npmmirror.com/ahooks-v3-count/-/ahooks-v3-count-1.0.0.tgz",
      "integrity": "sha512-V7uUvAwnimu6eh/PED4mCDjE7tokeZQLKlxg9lCTMPhN+NjsSbtdacByVlR1oluXQzD3MOw55wylDmQo4+S9ZQ=="
    },
    "node_modules/antd-mobile": {
      "version": "5.17.1",
      "resolved": "https://registry.npmmirror.com/antd-mobile/-/antd-mobile-5.17.1.tgz",
      "integrity": "sha512-GwchfrMsh7D4Js7kP4zoFJCqU50aMUlT2K95cmkx9Q5XmC87Q2bSi3KJtqrOHjXA+w/nNgTbclRNpwQe5/kEiQ==",
      "dependencies": {
        "@floating-ui/dom": "^0.5.2",
        "@react-spring/web": "^9.4.5",
        "@use-gesture/react": "10.2.15",
        "ahooks": "^3.4.1",
        "antd-mobile-icons": "^0.3.0",
        "antd-mobile-v5-count": "^1.0.1",
        "big.js": "^6.1.1",
        "classnames": "^2.3.1",
        "dayjs": "^1.11.3",
        "lodash": "^4.17.21",
        "rc-field-form": "~1.26.7",
        "react-is": "^17.0.2",
        "staged-components": "^1.1.3",
        "tslib": "^2.4.0",
        "use-sync-external-store": "^1.1.0"
      },
      "peerDependencies": {
        "react": "^16.8.0 || ^17.0.0 || ^18.0.0"
      }
    },
    "node_modules/antd-mobile-icons": {
      "version": "0.3.0",
      "resolved": "https://registry.npmmirror.com/antd-mobile-icons/-/antd-mobile-icons-0.3.0.tgz",
      "integrity": "sha512-rqINQpJWZWrva9moCd1Ye695MZYWmqLPE+bY8d2xLRy7iSQwPsinCdZYjpUPp2zL/LnKYSyXxP2ut2A+DC+whQ=="
    },
    "node_modules/antd-mobile-v5-count": {
      "version": "1.0.1",
      "resolved": "https://registry.npmmirror.com/antd-mobile-v5-count/-/antd-mobile-v5-count-1.0.1.tgz",
      "integrity": "sha512-YGsiEDCPUDz3SzfXi6gLZn/HpeSMW+jgPc4qiYUr1fSopg3hkUie2TnooJdExgfiETHefH3Ggs58He0OVfegLA=="
    },
    "node_modules/async-validator": {
      "version": "4.2.5",
      "resolved": "https://registry.npmmirror.com/async-validator/-/async-validator-4.2.5.tgz",
      "integrity": "sha512-7HhHjtERjqlNbZtqNqy2rckN/SpOOlmDliet+lP7k+eKZEjPk3DgyeU9lIXLdeLz0uBbbVp+9Qdow9wJWgwwfg=="
    },
    "node_modules/big.js": {
      "version": "6.2.0",
      "resolved": "https://registry.npmmirror.com/big.js/-/big.js-6.2.0.tgz",
      "integrity": "sha512-paIKvJiAaOYdLt6MfnvxkDo64lTOV257XYJyX3oJnJQocIclUn+48k6ZerH/c5FxWE6DGJu1TKDYis7tqHg9kg==",
      "engines": {
        "node": "*"
      }
    },
    "node_modules/classnames": {
      "version": "2.3.1",
      "resolved": "https://registry.npmmirror.com/classnames/-/classnames-2.3.1.tgz",
      "integrity": "sha512-OlQdbZ7gLfGarSqxesMesDa5uz7KFbID8Kpq/SxIoNGDqY8lSYs0D+hhtBXhcdB3rcbXArFr7vlHheLk1voeNA=="
    },
    "node_modules/dayjs": {
      "version": "1.11.3",
      "resolved": "https://registry.npmmirror.com/dayjs/-/dayjs-1.11.3.tgz",
      "integrity": "sha512-xxwlswWOlGhzgQ4TKzASQkUhqERI3egRNqgV4ScR8wlANA/A9tZ7miXa44vTTKEq5l7vWoL5G57bG3zA+Kow0A=="
    },
    "node_modules/intersection-observer": {
      "version": "0.12.2",
      "resolved": "https://registry.npmmirror.com/intersection-observer/-/intersection-observer-0.12.2.tgz",
      "integrity": "sha512-7m1vEcPCxXYI8HqnL8CKI6siDyD+eIWSwgB3DZA+ZTogxk9I4CDnj4wilt9x/+/QbHI4YG5YZNmC6458/e9Ktg=="
    },
    "node_modules/js-cookie": {
      "version": "2.2.1",
      "resolved": "https://registry.npmmirror.com/js-cookie/-/js-cookie-2.2.1.tgz",
      "integrity": "sha512-HvdH2LzI/EAZcUwA8+0nKNtWHqS+ZmijLA30RwZA0bo7ToCckjK5MkGhjED9KoRcXO6BaGI3I9UIzSA1FKFPOQ=="
    },
    "node_modules/js-tokens": {
      "version": "4.0.0",
      "resolved": "https://registry.npmmirror.com/js-tokens/-/js-tokens-4.0.0.tgz",
      "integrity": "sha512-RdJUflcE3cUzKiMqQgsCu06FPu9UdIJO0beYbPhHN4k6apgJtifcoCtT9bcxOpYBtpD2kCM6Sbzg4CausW/PKQ==",
      "peer": true
    },
    "node_modules/lodash": {
      "version": "4.17.21",
      "resolved": "https://registry.npmmirror.com/lodash/-/lodash-4.17.21.tgz",
      "integrity": "sha512-v2kDEe57lecTulaDIuNTPy3Ry4gLGJ6Z1O3vE1krgXZNrsQ+LFTGHVxVjcXPs17LhbZVGedAJv8XZ1tvj5FvSg=="
    },
    "node_modules/loose-envify": {
      "version": "1.4.0",
      "resolved": "https://registry.npmmirror.com/loose-envify/-/loose-envify-1.4.0.tgz",
      "integrity": "sha512-lyuxPGr/Wfhrlem2CL/UcnUc1zcqKAImBDzukY7Y5F/yQiNdko6+fRLevlw1HgMySw7f611UIY408EtxRSoK3Q==",
      "peer": true,
      "dependencies": {
        "js-tokens": "^3.0.0 || ^4.0.0"
      },
      "bin": {
        "loose-envify": "cli.js"
      }
    },
    "node_modules/rc-field-form": {
      "version": "1.26.7",
      "resolved": "https://registry.npmmirror.com/rc-field-form/-/rc-field-form-1.26.7.tgz",
      "integrity": "sha512-CIb7Gw+DG9R+g4HxaDGYHhOjhjQoU2mGU4y+UM2+KQ3uRz9HrrNgTspGvNynn3UamsYcYcaPWZJmiJ6VklkT/w==",
      "dependencies": {
        "@babel/runtime": "^7.18.0",
        "async-validator": "^4.1.0",
        "rc-util": "^5.8.0"
      },
      "engines": {
        "node": ">=8.x"
      },
      "peerDependencies": {
        "react": ">=16.9.0",
        "react-dom": ">=16.9.0"
      }
    },
    "node_modules/rc-util": {
      "version": "5.22.5",
      "resolved": "https://registry.npmmirror.com/rc-util/-/rc-util-5.22.5.tgz",
      "integrity": "sha512-awD2TGMGU97OZftT2R3JwrHWjR8k/xIwqjwcivPskciweUdgXE7QsyXkBKVSBHXS+c17AWWMDWuKWsJSheQy8g==",
      "dependencies": {
        "@babel/runtime": "^7.18.3",
        "react-is": "^16.12.0",
        "shallowequal": "^1.1.0"
      },
      "peerDependencies": {
        "react": ">=16.9.0",
        "react-dom": ">=16.9.0"
      }
    },
    "node_modules/rc-util/node_modules/react-is": {
      "version": "16.13.1",
      "resolved": "https://registry.npmmirror.com/react-is/-/react-is-16.13.1.tgz",
      "integrity": "sha512-24e6ynE2H+OKt4kqsOvNd8kBpV65zoxbA4BVsEOB3ARVWQki/DHzaUoC5KuON/BiccDaCCTZBuOcfZs70kR8bQ=="
    },
    "node_modules/react": {
      "version": "18.2.0",
      "resolved": "https://registry.npmmirror.com/react/-/react-18.2.0.tgz",
      "integrity": "sha512-/3IjMdb2L9QbBdWiW5e3P2/npwMBaU9mHCSCUzNln0ZCYbcfTsGbTJrU/kGemdH2IWmB2ioZ+zkxtmq6g09fGQ==",
      "peer": true,
      "dependencies": {
        "loose-envify": "^1.1.0"
      },
      "engines": {
        "node": ">=0.10.0"
      }
    },
    "node_modules/react-dom": {
      "version": "18.2.0",
      "resolved": "https://registry.npmmirror.com/react-dom/-/react-dom-18.2.0.tgz",
      "integrity": "sha512-6IMTriUmvsjHUjNtEDudZfuDQUoWXVxKHhlEGSk81n4YFS+r/Kl99wXiwlVXtPBtJenozv2P+hxDsw9eA7Xo6g==",
      "peer": true,
      "dependencies": {
        "loose-envify": "^1.1.0",
        "scheduler": "^0.23.0"
      },
      "peerDependencies": {
        "react": "^18.2.0"
      }
    },
    "node_modules/react-is": {
      "version": "17.0.2",
      "resolved": "https://registry.npmmirror.com/react-is/-/react-is-17.0.2.tgz",
      "integrity": "sha512-w2GsyukL62IJnlaff/nRegPQR94C/XXamvMWmSHRJ4y7Ts/4ocGRmTHvOs8PSE6pB3dWOrD/nueuU5sduBsQ4w=="
    },
    "node_modules/regenerator-runtime": {
      "version": "0.13.9",
      "resolved": "https://registry.npmmirror.com/regenerator-runtime/-/regenerator-runtime-0.13.9.tgz",
      "integrity": "sha512-p3VT+cOEgxFsRRA9X4lkI1E+k2/CtnKtU4gcxyaCUreilL/vqI6CdZ3wxVUx3UOUg+gnUOQQcRI7BmSI656MYA=="
    },
    "node_modules/resize-observer-polyfill": {
      "version": "1.5.1",
      "resolved": "https://registry.npmmirror.com/resize-observer-polyfill/-/resize-observer-polyfill-1.5.1.tgz",
      "integrity": "sha512-LwZrotdHOo12nQuZlHEmtuXdqGoOD0OhaxopaNFxWzInpEgaLWoVuAMbTzixuosCx2nEG58ngzW3vxdWoxIgdg=="
    },
    "node_modules/scheduler": {
      "version": "0.23.0",
      "resolved": "https://registry.npmmirror.com/scheduler/-/scheduler-0.23.0.tgz",
      "integrity": "sha512-CtuThmgHNg7zIZWAXi3AsyIzA3n4xx7aNyjwC2VJldO2LMVDhFK+63xGqq6CsJH4rTAt6/M+N4GhZiDYPx9eUw==",
      "peer": true,
      "dependencies": {
        "loose-envify": "^1.1.0"
      }
    },
    "node_modules/screenfull": {
      "version": "5.2.0",
      "resolved": "https://registry.npmmirror.com/screenfull/-/screenfull-5.2.0.tgz",
      "integrity": "sha512-9BakfsO2aUQN2K9Fdbj87RJIEZ82Q9IGim7FqM5OsebfoFC6ZHXgDq/KvniuLTPdeM8wY2o6Dj3WQ7KeQCj3cA==",
      "engines": {
        "node": ">=0.10.0"
      }
    },
    "node_modules/shallowequal": {
      "version": "1.1.0",
      "resolved": "https://registry.npmmirror.com/shallowequal/-/shallowequal-1.1.0.tgz",
      "integrity": "sha512-y0m1JoUZSlPAjXVtPPW70aZWfIL/dSP7AFkRnniLCrK/8MDKog3TySTBmckD+RObVxH0v4Tox67+F14PdED2oQ=="
    },
    "node_modules/staged-components": {
      "version": "1.1.3",
      "resolved": "https://registry.npmmirror.com/staged-components/-/staged-components-1.1.3.tgz",
      "integrity": "sha512-9EIswzDqjwlEu+ymkV09TTlJfzSbKgEnNteUnZSTxkpMgr5Wx2CzzA9WcMFWBNCldqVPsHVnRGGrApduq2Se5A==",
      "peerDependencies": {
        "react": "^16.8.0 || ^17.0.0 || ^18.0.0"
      }
    },
    "node_modules/tslib": {
      "version": "2.4.0",
      "resolved": "https://registry.npmmirror.com/tslib/-/tslib-2.4.0.tgz",
      "integrity": "sha512-d6xOpEDfsi2CZVlPQzGeux8XMwLT9hssAsaPYExaQMuYskwb+x1x7J371tWlbBdWHroy99KnVB6qIkUbs5X3UQ=="
    },
    "node_modules/use-sync-external-store": {
      "version": "1.2.0",
      "resolved": "https://registry.npmmirror.com/use-sync-external-store/-/use-sync-external-store-1.2.0.tgz",
      "integrity": "sha512-eEgnFxGQ1Ife9bzYs6VLi8/4X6CObHMw9Qr9tPY43iKwsPw8xE8+EFsf/2cFZ5S3esXgpWgtSCtLNS41F+sKPA==",
      "peerDependencies": {
        "react": "^16.8.0 || ^17.0.0 || ^18.0.0"
      }
    }
  },
  "dependencies": {
    "@babel/runtime": {
      "version": "7.18.6",
      "resolved": "https://registry.npmmirror.com/@babel/runtime/-/runtime-7.18.6.tgz",
      "integrity": "sha512-t9wi7/AW6XtKahAe20Yw0/mMljKq0B1r2fPdvaAdV/KPDZewFXdaaa6K7lxmZBZ8FBNpCiAT6iHPmd6QO9bKfQ==",
      "requires": {
        "regenerator-runtime": "^0.13.4"
      }
    },
    "@floating-ui/core": {
      "version": "0.7.3",
      "resolved": "https://registry.npmmirror.com/@floating-ui/core/-/core-0.7.3.tgz",
      "integrity": "sha512-buc8BXHmG9l82+OQXOFU3Kr2XQx9ys01U/Q9HMIrZ300iLc8HLMgh7dcCqgYzAzf4BkoQvDcXf5Y+CuEZ5JBYg=="
    },
    "@floating-ui/dom": {
      "version": "0.5.4",
      "resolved": "https://registry.npmmirror.com/@floating-ui/dom/-/dom-0.5.4.tgz",
      "integrity": "sha512-419BMceRLq0RrmTSDxn8hf9R3VCJv2K9PUfugh5JyEFmdjzDo+e8U5EdR8nzKq8Yj1htzLm3b6eQEEam3/rrtg==",
      "requires": {
        "@floating-ui/core": "^0.7.3"
      }
    },
    "@react-spring/animated": {
      "version": "9.4.5",
      "resolved": "https://registry.npmmirror.com/@react-spring/animated/-/animated-9.4.5.tgz",
      "integrity": "sha512-KWqrtvJSMx6Fj9nMJkhTwM9r6LIriExDRV6YHZV9HKQsaolUFppgkOXpC+rsL1JEtEvKv6EkLLmSqHTnuYjiIA==",
      "requires": {
        "@react-spring/shared": "~9.4.5",
        "@react-spring/types": "~9.4.5"
      }
    },
    "@react-spring/core": {
      "version": "9.4.5",
      "resolved": "https://registry.npmmirror.com/@react-spring/core/-/core-9.4.5.tgz",
      "integrity": "sha512-83u3FzfQmGMJFwZLAJSwF24/ZJctwUkWtyPD7KYtNagrFeQKUH1I05ZuhmCmqW+2w1KDW1SFWQ43RawqfXKiiQ==",
      "requires": {
        "@react-spring/animated": "~9.4.5",
        "@react-spring/rafz": "~9.4.5",
        "@react-spring/shared": "~9.4.5",
        "@react-spring/types": "~9.4.5"
      }
    },
    "@react-spring/rafz": {
      "version": "9.4.5",
      "resolved": "https://registry.npmmirror.com/@react-spring/rafz/-/rafz-9.4.5.tgz",
      "integrity": "sha512-swGsutMwvnoyTRxvqhfJBtGM8Ipx6ks0RkIpNX9F/U7XmyPvBMGd3GgX/mqxZUpdlsuI1zr/jiYw+GXZxAlLcQ=="
    },
    "@react-spring/shared": {
      "version": "9.4.5",
      "resolved": "https://registry.npmmirror.com/@react-spring/shared/-/shared-9.4.5.tgz",
      "integrity": "sha512-JhMh3nFKsqyag0KM5IIM8BQANGscTdd0mMv3BXsUiMZrcjQTskyfnv5qxEeGWbJGGar52qr5kHuBHtCjQOzniA==",
      "requires": {
        "@react-spring/rafz": "~9.4.5",
        "@react-spring/types": "~9.4.5"
      }
    },
    "@react-spring/types": {
      "version": "9.4.5",
      "resolved": "https://registry.npmmirror.com/@react-spring/types/-/types-9.4.5.tgz",
      "integrity": "sha512-mpRIamoHwql0ogxEUh9yr4TP0xU5CWyZxVQeccGkHHF8kPMErtDXJlxyo0lj+telRF35XNihtPTWoflqtyARmg=="
    },
    "@react-spring/web": {
      "version": "9.4.5",
      "resolved": "https://registry.npmmirror.com/@react-spring/web/-/web-9.4.5.tgz",
      "integrity": "sha512-NGAkOtKmOzDEctL7MzRlQGv24sRce++0xAY7KlcxmeVkR7LRSGkoXHaIfm9ObzxPMcPHQYQhf3+X9jepIFNHQA==",
      "requires": {
        "@react-spring/animated": "~9.4.5",
        "@react-spring/core": "~9.4.5",
        "@react-spring/shared": "~9.4.5",
        "@react-spring/types": "~9.4.5"
      }
    },
    "@types/js-cookie": {
      "version": "2.2.7",
      "resolved": "https://registry.npmmirror.com/@types/js-cookie/-/js-cookie-2.2.7.tgz",
      "integrity": "sha512-aLkWa0C0vO5b4Sr798E26QgOkss68Un0bLjs7u9qxzPT5CG+8DuNTffWES58YzJs3hrVAOs1wonycqEBqNJubA=="
    },
    "@use-gesture/core": {
      "version": "10.2.15",
      "resolved": "https://registry.npmmirror.com/@use-gesture/core/-/core-10.2.15.tgz",
      "integrity": "sha512-R8k5GHKR6J3n48K1xiWCBSnTsxmfiVCp+MYPMhFaoHT1/oIjrFA6SeMmWDl0REwP/CpBfNdQ0FwOo/0dGjPhwA=="
    },
    "@use-gesture/react": {
      "version": "10.2.15",
      "resolved": "https://registry.npmmirror.com/@use-gesture/react/-/react-10.2.15.tgz",
      "integrity": "sha512-Hdfp17a3iHDo33jasd8GIPlIjM4wxNzn1O9apNX2VrF7X2ewzXp4wCCQ4aPqsnyvBA1WhR8KHMrBS/XWQZxTHQ==",
      "requires": {
        "@use-gesture/core": "10.2.15"
      }
    },
    "ahooks": {
      "version": "3.5.1",
      "resolved": "https://registry.npmmirror.com/ahooks/-/ahooks-3.5.1.tgz",
      "integrity": "sha512-ZNE5DA+7UkinR4GATA6MceArSdOGmc1oNZDJLDbj5gTXcpbnYLW0NiFb1DBDR6a8AukMzhcYVLxXKB/Ze7gHKw==",
      "requires": {
        "@types/js-cookie": "^2.x.x",
        "ahooks-v3-count": "^1.0.0",
        "dayjs": "^1.9.1",
        "intersection-observer": "^0.12.0",
        "js-cookie": "^2.x.x",
        "lodash": "^4.17.21",
        "resize-observer-polyfill": "^1.5.1",
        "screenfull": "^5.0.0"
      }
    },
    "ahooks-v3-count": {
      "version": "1.0.0",
      "resolved": "https://registry.npmmirror.com/ahooks-v3-count/-/ahooks-v3-count-1.0.0.tgz",
      "integrity": "sha512-V7uUvAwnimu6eh/PED4mCDjE7tokeZQLKlxg9lCTMPhN+NjsSbtdacByVlR1oluXQzD3MOw55wylDmQo4+S9ZQ=="
    },
    "antd-mobile": {
      "version": "5.17.1",
      "resolved": "https://registry.npmmirror.com/antd-mobile/-/antd-mobile-5.17.1.tgz",
      "integrity": "sha512-GwchfrMsh7D4Js7kP4zoFJCqU50aMUlT2K95cmkx9Q5XmC87Q2bSi3KJtqrOHjXA+w/nNgTbclRNpwQe5/kEiQ==",
      "requires": {
        "@floating-ui/dom": "^0.5.2",
        "@react-spring/web": "^9.4.5",
        "@use-gesture/react": "10.2.15",
        "ahooks": "^3.4.1",
        "antd-mobile-icons": "^0.3.0",
        "antd-mobile-v5-count": "^1.0.1",
        "big.js": "^6.1.1",
        "classnames": "^2.3.1",
        "dayjs": "^1.11.3",
        "lodash": "^4.17.21",
        "rc-field-form": "~1.26.7",
        "react-is": "^17.0.2",
        "staged-components": "^1.1.3",
        "tslib": "^2.4.0",
        "use-sync-external-store": "^1.1.0"
      }
    },
    "antd-mobile-icons": {
      "version": "0.3.0",
      "resolved": "https://registry.npmmirror.com/antd-mobile-icons/-/antd-mobile-icons-0.3.0.tgz",
      "integrity": "sha512-rqINQpJWZWrva9moCd1Ye695MZYWmqLPE+bY8d2xLRy7iSQwPsinCdZYjpUPp2zL/LnKYSyXxP2ut2A+DC+whQ=="
    },
    "antd-mobile-v5-count": {
      "version": "1.0.1",
      "resolved": "https://registry.npmmirror.com/antd-mobile-v5-count/-/antd-mobile-v5-count-1.0.1.tgz",
      "integrity": "sha512-YGsiEDCPUDz3SzfXi6gLZn/HpeSMW+jgPc4qiYUr1fSopg3hkUie2TnooJdExgfiETHefH3Ggs58He0OVfegLA=="
    },
    "async-validator": {
      "version": "4.2.5",
      "resolved": "https://registry.npmmirror.com/async-validator/-/async-validator-4.2.5.tgz",
      "integrity": "sha512-7HhHjtERjqlNbZtqNqy2rckN/SpOOlmDliet+lP7k+eKZEjPk3DgyeU9lIXLdeLz0uBbbVp+9Qdow9wJWgwwfg=="
    },
    "big.js": {
      "version": "6.2.0",
      "resolved": "https://registry.npmmirror.com/big.js/-/big.js-6.2.0.tgz",
      "integrity": "sha512-paIKvJiAaOYdLt6MfnvxkDo64lTOV257XYJyX3oJnJQocIclUn+48k6ZerH/c5FxWE6DGJu1TKDYis7tqHg9kg=="
    },
    "classnames": {
      "version": "2.3.1",
      "resolved": "https://registry.npmmirror.com/classnames/-/classnames-2.3.1.tgz",
      "integrity": "sha512-OlQdbZ7gLfGarSqxesMesDa5uz7KFbID8Kpq/SxIoNGDqY8lSYs0D+hhtBXhcdB3rcbXArFr7vlHheLk1voeNA=="
    },
    "dayjs": {
      "version": "1.11.3",
      "resolved": "https://registry.npmmirror.com/dayjs/-/dayjs-1.11.3.tgz",
      "integrity": "sha512-xxwlswWOlGhzgQ4TKzASQkUhqERI3egRNqgV4ScR8wlANA/A9tZ7miXa44vTTKEq5l7vWoL5G57bG3zA+Kow0A=="
    },
    "intersection-observer": {
      "version": "0.12.2",
      "resolved": "https://registry.npmmirror.com/intersection-observer/-/intersection-observer-0.12.2.tgz",
      "integrity": "sha512-7m1vEcPCxXYI8HqnL8CKI6siDyD+eIWSwgB3DZA+ZTogxk9I4CDnj4wilt9x/+/QbHI4YG5YZNmC6458/e9Ktg=="
    },
    "js-cookie": {
      "version": "2.2.1",
      "resolved": "https://registry.npmmirror.com/js-cookie/-/js-cookie-2.2.1.tgz",
      "integrity": "sha512-HvdH2LzI/EAZcUwA8+0nKNtWHqS+ZmijLA30RwZA0bo7ToCckjK5MkGhjED9KoRcXO6BaGI3I9UIzSA1FKFPOQ=="
    },
    "js-tokens": {
      "version": "4.0.0",
      "resolved": "https://registry.npmmirror.com/js-tokens/-/js-tokens-4.0.0.tgz",
      "integrity": "sha512-RdJUflcE3cUzKiMqQgsCu06FPu9UdIJO0beYbPhHN4k6apgJtifcoCtT9bcxOpYBtpD2kCM6Sbzg4CausW/PKQ==",
      "peer": true
    },
    "lodash": {
      "version": "4.17.21",
      "resolved": "https://registry.npmmirror.com/lodash/-/lodash-4.17.21.tgz",
      "integrity": "sha512-v2kDEe57lecTulaDIuNTPy3Ry4gLGJ6Z1O3vE1krgXZNrsQ+LFTGHVxVjcXPs17LhbZVGedAJv8XZ1tvj5FvSg=="
    },
    "loose-envify": {
      "version": "1.4.0",
      "resolved": "https://registry.npmmirror.com/loose-envify/-/loose-envify-1.4.0.tgz",
      "integrity": "sha512-lyuxPGr/Wfhrlem2CL/UcnUc1zcqKAImBDzukY7Y5F/yQiNdko6+fRLevlw1HgMySw7f611UIY408EtxRSoK3Q==",
      "peer": true,
      "requires": {
        "js-tokens": "^3.0.0 || ^4.0.0"
      }
    },
    "rc-field-form": {
      "version": "1.26.7",
      "resolved": "https://registry.npmmirror.com/rc-field-form/-/rc-field-form-1.26.7.tgz",
      "integrity": "sha512-CIb7Gw+DG9R+g4HxaDGYHhOjhjQoU2mGU4y+UM2+KQ3uRz9HrrNgTspGvNynn3UamsYcYcaPWZJmiJ6VklkT/w==",
      "requires": {
        "@babel/runtime": "^7.18.0",
        "async-validator": "^4.1.0",
        "rc-util": "^5.8.0"
      }
    },
    "rc-util": {
      "version": "5.22.5",
      "resolved": "https://registry.npmmirror.com/rc-util/-/rc-util-5.22.5.tgz",
      "integrity": "sha512-awD2TGMGU97OZftT2R3JwrHWjR8k/xIwqjwcivPskciweUdgXE7QsyXkBKVSBHXS+c17AWWMDWuKWsJSheQy8g==",
      "requires": {
        "@babel/runtime": "^7.18.3",
        "react-is": "^16.12.0",
        "shallowequal": "^1.1.0"
      },
      "dependencies": {
        "react-is": {
          "version": "16.13.1",
          "resolved": "https://registry.npmmirror.com/react-is/-/react-is-16.13.1.tgz",
          "integrity": "sha512-24e6ynE2H+OKt4kqsOvNd8kBpV65zoxbA4BVsEOB3ARVWQki/DHzaUoC5KuON/BiccDaCCTZBuOcfZs70kR8bQ=="
        }
      }
    },
    "react": {
      "version": "18.2.0",
      "resolved": "https://registry.npmmirror.com/react/-/react-18.2.0.tgz",
      "integrity": "sha512-/3IjMdb2L9QbBdWiW5e3P2/npwMBaU9mHCSCUzNln0ZCYbcfTsGbTJrU/kGemdH2IWmB2ioZ+zkxtmq6g09fGQ==",
      "peer": true,
      "requires": {
        "loose-envify": "^1.1.0"
      }
    },
    "react-dom": {
      "version": "18.2.0",
      "resolved": "https://registry.npmmirror.com/react-dom/-/react-dom-18.2.0.tgz",
      "integrity": "sha512-6IMTriUmvsjHUjNtEDudZfuDQUoWXVxKHhlEGSk81n4YFS+r/Kl99wXiwlVXtPBtJenozv2P+hxDsw9eA7Xo6g==",
      "peer": true,
      "requires": {
        "loose-envify": "^1.1.0",
        "scheduler": "^0.23.0"
      }
    },
    "react-is": {
      "version": "17.0.2",
      "resolved": "https://registry.npmmirror.com/react-is/-/react-is-17.0.2.tgz",
      "integrity": "sha512-w2GsyukL62IJnlaff/nRegPQR94C/XXamvMWmSHRJ4y7Ts/4ocGRmTHvOs8PSE6pB3dWOrD/nueuU5sduBsQ4w=="
    },
    "regenerator-runtime": {
      "version": "0.13.9",
      "resolved": "https://registry.npmmirror.com/regenerator-runtime/-/regenerator-runtime-0.13.9.tgz",
      "integrity": "sha512-p3VT+cOEgxFsRRA9X4lkI1E+k2/CtnKtU4gcxyaCUreilL/vqI6CdZ3wxVUx3UOUg+gnUOQQcRI7BmSI656MYA=="
    },
    "resize-observer-polyfill": {
      "version": "1.5.1",
      "resolved": "https://registry.npmmirror.com/resize-observer-polyfill/-/resize-observer-polyfill-1.5.1.tgz",
      "integrity": "sha512-LwZrotdHOo12nQuZlHEmtuXdqGoOD0OhaxopaNFxWzInpEgaLWoVuAMbTzixuosCx2nEG58ngzW3vxdWoxIgdg=="
    },
    "scheduler": {
      "version": "0.23.0",
      "resolved": "https://registry.npmmirror.com/scheduler/-/scheduler-0.23.0.tgz",
      "integrity": "sha512-CtuThmgHNg7zIZWAXi3AsyIzA3n4xx7aNyjwC2VJldO2LMVDhFK+63xGqq6CsJH4rTAt6/M+N4GhZiDYPx9eUw==",
      "peer": true,
      "requires": {
        "loose-envify": "^1.1.0"
      }
    },
    "screenfull": {
      "version": "5.2.0",
      "resolved": "https://registry.npmmirror.com/screenfull/-/screenfull-5.2.0.tgz",
      "integrity": "sha512-9BakfsO2aUQN2K9Fdbj87RJIEZ82Q9IGim7FqM5OsebfoFC6ZHXgDq/KvniuLTPdeM8wY2o6Dj3WQ7KeQCj3cA=="
    },
    "shallowequal": {
      "version": "1.1.0",
      "resolved": "https://registry.npmmirror.com/shallowequal/-/shallowequal-1.1.0.tgz",
      "integrity": "sha512-y0m1JoUZSlPAjXVtPPW70aZWfIL/dSP7AFkRnniLCrK/8MDKog3TySTBmckD+RObVxH0v4Tox67+F14PdED2oQ=="
    },
    "staged-components": {
      "version": "1.1.3",
      "resolved": "https://registry.npmmirror.com/staged-components/-/staged-components-1.1.3.tgz",
      "integrity": "sha512-9EIswzDqjwlEu+ymkV09TTlJfzSbKgEnNteUnZSTxkpMgr5Wx2CzzA9WcMFWBNCldqVPsHVnRGGrApduq2Se5A==",
      "requires": {}
    },
    "tslib": {
      "version": "2.4.0",
      "resolved": "https://registry.npmmirror.com/tslib/-/tslib-2.4.0.tgz",
      "integrity": "sha512-d6xOpEDfsi2CZVlPQzGeux8XMwLT9hssAsaPYExaQMuYskwb+x1x7J371tWlbBdWHroy99KnVB6qIkUbs5X3UQ=="
    },
    "use-sync-external-store": {
      "version": "1.2.0",
      "resolved": "https://registry.npmmirror.com/use-sync-external-store/-/use-sync-external-store-1.2.0.tgz",
      "integrity": "sha512-eEgnFxGQ1Ife9bzYs6VLi8/4X6CObHMw9Qr9tPY43iKwsPw8xE8+EFsf/2cFZ5S3esXgpWgtSCtLNS41F+sKPA==",
      "requires": {}
    }
  }
}
